Microsoft Visual Studio Solution File, Format Version 12.00
# Visual Studio Version 17
VisualStudioVersion = 17.5.2.0
MinimumVisualStudioVersion = 10.0.40219.1
Project("{FAE04EC0-301F-11D3-BF4B-00C04F79EFBC}") = "jitw_proejkt", "jitw_proejkt.csproj", "{2095BF27-34BE-256E-0C75-654B96ABE267}"
EndProject
Global
	GlobalSection(SolutionConfigurationPlatforms) = preSolution
		Debug|Any CPU = Debug|Any CPU
		Release|Any CPU = Release|Any CPU
	EndGlobalSection
	GlobalSection(ProjectConfigurationPlatforms) = postSolution
		{2095BF27-34BE-256E-0C75-654B96ABE267}.Debug|Any CPU.ActiveCfg = Debug|Any CPU
		{2095BF27-34BE-256E-0C75-654B96ABE267}.Debug|Any CPU.Build.0 = Debug|Any CPU
		{2095BF27-34BE-256E-0C75-654B96ABE267}.Release|Any CPU.ActiveCfg = Release|Any CPU
		{2095BF27-34BE-256E-0C75-654B96ABE267}.Release|Any CPU.Build.0 = Release|Any CPU
	EndGlobalSection
	GlobalSection(SolutionProperties) = preSolution
		HideSolutionNode = FALSE
	EndGlobalSection
	GlobalSection(ExtensibilityGlobals) = postSolution
		SolutionGuid = {03C6889C-0B35-469A-8CED-DFD0D7129A88}
	EndGlobalSection
EndGlobal
